
Microsoft Visual Studio Solution File, Format Version 12.00
# Visual Studio Version 17
VisualStudioVersion = 17.11.35327.3
MinimumVisualStudioVersion = 10.0.40219.1
Project("{FAE04EC0-301F-11D3-BF4B-00C04F79EFBC}") = "DATN", "DATN.csproj", "{69DCD576-A341-4496-A8AC-AC74C7385C08}"
EndProject
Global
	GlobalSection(SolutionConfigurationPlatforms) = preSolution
		Debug|Any CPU = Debug|Any CPU
		Release|Any CPU = Release|Any CPU
	EndGlobalSection
	GlobalSection(ProjectConfigurationPlatforms) = postSolution
		{69DCD576-A341-4496-A8AC-AC74C7385C08}.Debug|Any CPU.ActiveCfg = Debug|Any CPU
		{69DCD576-A341-4496-A8AC-AC74C7385C08}.Debug|Any CPU.Build.0 = Debug|Any CPU
		{69DCD576-A341-4496-A8AC-AC74C7385C08}.Release|Any CPU.ActiveCfg = Release|Any CPU
		{69DCD576-A341-4496-A8AC-AC74C7385C08}.Release|Any CPU.Build.0 = Release|Any CPU
	EndGlobalSection
	GlobalSection(SolutionProperties) = preSolution
		HideSolutionNode = FALSE
	EndGlobalSection
	GlobalSection(ExtensibilityGlobals) = postSolution
		SolutionGuid = {1ADE6E95-DE2E-4AA4-AD08-0B6206B9F4A5}
	EndGlobalSection
EndGlobal
